// !$*UTF8*$!
{
	archiveVersion = 1;
	classes = {
	};
	objectVersion = 46;
	objects = {

/* Begin PBXBuildFile section */
		0BF6DD3916A0846A0072B500 /* UIKit.framework in Frameworks */ = {isa = PBXBuildFile; fileRef = 0BF6DD3816A0846A0072B500 /* UIKit.framework */; };
		0BF6DD3B16A0846A0072B500 /* Foundation.framework in Frameworks */ = {isa = PBXBuildFile; fileRef = 0BF6DD3A16A0846A0072B500 /* Foundation.framework */; };
		0BF6DD3D16A0846A0072B500 /* CoreGraphics.framework in Frameworks */ = {isa = PBXBuildFile; fileRef = 0BF6DD3C16A0846A0072B500 /* CoreGraphics.framework */; };
		0BF6DD4316A0846A0072B500 /* InfoPlist.strings in Resources */ = {isa = PBXBuildFile; fileRef = 0BF6DD4116A0846A0072B500 /* InfoPlist.strings */; };
		0BF6DD4516A0846A0072B500 /* main.m in Sources */ = {isa = PBXBuildFile; fileRef = 0BF6DD4416A0846A0072B500 /* main.m */; };
		0BF6DD4916A0846A0072B500 /* PlaceFetcherAppDelegate.m in Sources */ = {isa = PBXBuildFile; fileRef = 0BF6DD4816A0846A0072B500 /* PlaceFetcherAppDelegate.m */; };
		0BF6DD4B16A0846A0072B500 /* Default.png in Resources */ = {isa = PBXBuildFile; fileRef = 0BF6DD4A16A0846A0072B500 /* Default.png */; };
		0BF6DD4D16A0846A0072B500 /* Default@2x.png in Resources */ = {isa = PBXBuildFile; fileRef = 0BF6DD4C16A0846A0072B500 /* Default@2x.png */; };
		0BF6DD4F16A0846A0072B500 /* Default-568h@2x.png in Resources */ = {isa = PBXBuildFile; fileRef = 0BF6DD4E16A0846A0072B500 /* Default-568h@2x.png */; };
		0BF6DD5216A0846A0072B500 /* MainStoryboard.storyboard in Resources */ = {isa = PBXBuildFile; fileRef = 0BF6DD5016A0846A0072B500 /* MainStoryboard.storyboard */; };
		0BF6DD5516A0846A0072B500 /* PlaceFetcherViewController.m in Sources */ = {isa = PBXBuildFile; fileRef = 0BF6DD5416A0846A0072B500 /* PlaceFetcherViewController.m */; };
		0BF6DD5E16A084B20072B500 /* FlickrFetcher.m in Sources */ = {isa = PBXBuildFile; fileRef = 0BF6DD5D16A084B20072B500 /* FlickrFetcher.m */; };
/* End PBXBuildFile section */

/* Begin PBXFileReference section */
		0BF6DD3416A0846A0072B500 /* PlaceFetcher.app */ = {isa = PBXFileReference; explicitFileType = wrapper.application; includeInIndex = 0; path = PlaceFetcher.app; sourceTree = BUILT_PRODUCTS_DIR; };
		0BF6DD3816A0846A0072B500 /* UIKit.framework */ = {isa = PBXFileReference; lastKnownFileType = wrapper.framework; name = UIKit.framework; path = System/Library/Frameworks/UIKit.framework; sourceTree = SDKROOT; };
		0BF6DD3A16A0846A0072B500 /* Foundation.framework */ = {isa = PBXFileReference; lastKnownFileType = wrapper.framework; name = Foundation.framework; path = System/Library/Frameworks/Foundation.framework; sourceTree = SDKROOT; };
		0BF6DD3C16A0846A0072B500 /* CoreGraphics.framework */ = {isa = PBXFileReference; lastKnownFileType = wrapper.framework; name = CoreGraphics.framework; path = System/Library/Frameworks/CoreGraphics.framework; sourceTree = SDKROOT; };
		0BF6DD4016A0846A0072B500 /* PlaceFetcher-Info.plist */ = {isa = PBXFileReference; lastKnownFileType = text.plist.xml; path = "PlaceFetcher-Info.plist"; sourceTree = "<group>"; };
		0BF6DD4216A0846A0072B500 /* en */ = {isa = PBXFileReference; lastKnownFileType = text.plist.strings; name = en; path = en.lproj/InfoPlist.strings; sourceTree = "<group>"; };
		0BF6DD4416A0846A0072B500 /* main.m */ = {isa = PBXFileReference; lastKnownFileType = sourcecode.c.objc; path = main.m; sourceTree = "<group>"; };
		0BF6DD4616A0846A0072B500 /* PlaceFetcher-Prefix.pch */ = {isa = PBXFileReference; lastKnownFileType = sourcecode.c.h; path = "PlaceFetcher-Prefix.pch"; sourceTree = "<group>"; };
		0BF6DD4716A0846A0072B500 /* PlaceFetcherAppDelegate.h */ = {isa = PBXFileReference; lastKnownFileType = sourcecode.c.h; path = PlaceFetcherAppDelegate.h; sourceTree = "<group>"; };
		0BF6DD4816A0846A0072B500 /* PlaceFetcherAppDelegate.m */ = {isa = PBXFileReference; lastKnownFileType = sourcecode.c.objc; path = PlaceFetcherAppDelegate.m; sourceTree = "<group>"; };
		0BF6DD4A16A0846A0072B500 /* Default.png */ = {isa = PBXFileReference; lastKnownFileType = image.png; path = Default.png; sourceTree = "<group>"; };
		0BF6DD4C16A0846A0072B500 /* Default@2x.png */ = {isa = PBXFileReference; lastKnownFileType = image.png; path = "Default@2x.png"; sourceTree = "<group>"; };
		0BF6DD4E16A0846A0072B500 /* Default-568h@2x.png */ = {isa = PBXFileReference; lastKnownFileType = image.png; path = "Default-568h@2x.png"; sourceTree = "<group>"; };
		0BF6DD5116A0846A0072B500 /* en */ = {isa = PBXFileReference; lastKnownFileType = file.storyboard; name = en; path = en.lproj/MainStoryboard.storyboard; sourceTree = "<group>"; };
		0BF6DD5316A0846A0072B500 /* PlaceFetcherViewController.h */ = {isa = PBXFileReference; lastKnownFileType = sourcecode.c.h; path = PlaceFetcherViewController.h; sourceTree = "<group>"; };
		0BF6DD5416A0846A0072B500 /* PlaceFetcherViewController.m */ = {isa = PBXFileReference; lastKnownFileType = sourcecode.c.objc; path = PlaceFetcherViewController.m; sourceTree = "<group>"; };
		0BF6DD5B16A084B20072B500 /* FlickrAPIKey.h */ = {isa = PBXFileReference; fileEncoding = 4; lastKnownFileType = sourcecode.c.h; path = FlickrAPIKey.h; sourceTree = "<group>"; };
		0BF6DD5C16A084B20072B500 /* FlickrFetcher.h */ = {isa = PBXFileReference; fileEncoding = 4; lastKnownFileType = sourcecode.c.h; path = FlickrFetcher.h; sourceTree = "<group>"; };
		0BF6DD5D16A084B20072B500 /* FlickrFetcher.m */ = {isa = PBXFileReference; fileEncoding = 4; lastKnownFileType = sourcecode.c.objc; path = FlickrFetcher.m; sourceTree = "<group>"; };
/* End PBXFileReference section */

/* Begin PBXFrameworksBuildPhase section */
		0BF6DD3116A0846A0072B500 /* Frameworks */ = {
			isa = PBXFrameworksBuildPhase;
			buildActionMask = 2147483647;
			files = (
				0BF6DD3916A0846A0072B500 /* UIKit.framework in Frameworks */,
				0BF6DD3B16A0846A0072B500 /* Foundation.framework in Frameworks */,
				0BF6DD3D16A0846A0072B500 /* CoreGraphics.framework in Frameworks */,
			);
			runOnlyForDeploymentPostprocessing = 0;
		};
/* End PBXFrameworksBuildPhase section */

/* Begin PBXGroup section */
		0BF6DD2916A0846A0072B500 = {
			isa = PBXGroup;
			children = (
				0BF6DD3E16A0846A0072B500 /* PlaceFetcher */,
				0BF6DD3716A0846A0072B500 /* Frameworks */,
				0BF6DD3516A0846A0072B500 /* Products */,
			);
			sourceTree = "<group>";
		};
		0BF6DD3516A0846A0072B500 /* Products */ = {
			isa = PBXGroup;
			children = (
				0BF6DD3416A0846A0072B500 /* PlaceFetcher.app */,
			);
			name = Products;
			sourceTree = "<group>";
		};
		0BF6DD3716A0846A0072B500 /* Frameworks */ = {
			isa = PBXGroup;
			children = (
				0BF6DD3816A0846A0072B500 /* UIKit.framework */,
				0BF6DD3A16A0846A0072B500 /* Foundation.framework */,
				0BF6DD3C16A0846A0072B500 /* CoreGraphics.framework */,
			);
			name = Frameworks;
			sourceTree = "<group>";
		};
		0BF6DD3E16A0846A0072B500 /* PlaceFetcher */ = {
			isa = PBXGroup;
			children = (
				0BF6DD5B16A084B20072B500 /* FlickrAPIKey.h */,
				0BF6DD5C16A084B20072B500 /* FlickrFetcher.h */,
				0BF6DD5D16A084B20072B500 /* FlickrFetcher.m */,
				0BF6DD4716A0846A0072B500 /* PlaceFetcherAppDelegate.h */,
				0BF6DD4816A0846A0072B500 /* PlaceFetcherAppDelegate.m */,
				0BF6DD5016A0846A0072B500 /* MainStoryboard.storyboard */,
				0BF6DD5316A0846A0072B500 /* PlaceFetcherViewController.h */,
				0BF6DD5416A0846A0072B500 /* PlaceFetcherViewController.m */,
				0BF6DD3F16A0846A0072B500 /* Supporting Files */,
			);
			path = PlaceFetcher;
			sourceTree = "<group>";
		};
		0BF6DD3F16A0846A0072B500 /* Supporting Files */ = {
			isa = PBXGroup;
			children = (
				0BF6DD4016A0846A0072B500 /* PlaceFetcher-Info.plist */,
				0BF6DD4116A0846A0072B500 /* InfoPlist.strings */,
				0BF6DD4416A0846A0072B500 /* main.m */,
				0BF6DD4616A0846A0072B500 /* PlaceFetcher-Prefix.pch */,
				0BF6DD4A16A0846A0072B500 /* Default.png */,
				0BF6DD4C16A0846A0072B500 /* Default@2x.png */,
				0BF6DD4E16A0846A0072B500 /* Default-568h@2x.png */,
			);
			name = "Supporting Files";
			sourceTree = "<group>";
		};
/* End PBXGroup section */

/* Begin PBXNativeTarget section */
		0BF6DD3316A0846A0072B500 /* PlaceFetcher */ = {
			isa = PBXNativeTarget;
			buildConfigurationList = 0BF6DD5816A0846A0072B500 /* Build configuration list for PBXNativeTarget "PlaceFetcher" */;
			buildPhases = (
				0BF6DD3016A0846A0072B500 /* Sources */,
				0BF6DD3116A0846A0072B500 /* Frameworks */,
				0BF6DD3216A0846A0072B500 /* Resources */,
			);
			buildRules = (
			);
			dependencies = (
			);
			name = PlaceFetcher;
			productName = PlaceFetcher;
			productReference = 0BF6DD3416A0846A0072B500 /* PlaceFetcher.app */;
			productType = "com.apple.product-type.application";
		};
/* End PBXNativeTarget section */

/* Begin PBXProject section */
		0BF6DD2B16A0846A0072B500 /* Project object */ = {
			isa = PBXProject;
			attributes = {
				CLASSPREFIX = PlaceFetcher;
				LastUpgradeCheck = 0450;
				ORGANIZATIONNAME = nemo;
			};
			buildConfigurationList = 0BF6DD2E16A0846A0072B500 /* Build configuration list for PBXProject "PlaceFetcher" */;
			compatibilityVersion = "Xcode 3.2";
			developmentRegion = English;
			hasScannedForEncodings = 0;
			knownRegions = (
				en,
			);
			mainGroup = 0BF6DD2916A0846A0072B500;
			productRefGroup = 0BF6DD3516A0846A0072B500 /* Products */;
			projectDirPath = "";
			projectRoot = "";
			targets = (
				0BF6DD3316A0846A0072B500 /* PlaceFetcher */,
			);
		};
/* End PBXProject section */

/* Begin PBXResourcesBuildPhase section */
		0BF6DD3216A0846A0072B500 /* Resources */ = {
			isa = PBXResourcesBuildPhase;
			buildActionMask = 2147483647;
			files = (
				0BF6DD4316A0846A0072B500 /* InfoPlist.strings in Resources */,
				0BF6DD4B16A0846A0072B500 /* Default.png in Resources */,
				0BF6DD4D16A0846A0072B500 /* Default@2x.png in Resources */,
				0BF6DD4F16A0846A0072B500 /* Default-568h@2x.png in Resources */,
				0BF6DD5216A0846A0072B500 /* MainStoryboard.storyboard in Resources */,
			);
			runOnlyForDeploymentPostprocessing = 0;
		};
/* End PBXResourcesBuildPhase section */

/* Begin PBXSourcesBuildPhase section */
		0BF6DD3016A0846A0072B500 /* Sources */ = {
			isa = PBXSourcesBuildPhase;
			buildActionMask = 2147483647;
			files = (
				0BF6DD4516A0846A0072B500 /* main.m in Sources */,
				0BF6DD4916A0846A0072B500 /* PlaceFetcherAppDelegate.m in Sources */,
				0BF6DD5516A0846A0072B500 /* PlaceFetcherViewController.m in Sources */,
				0BF6DD5E16A084B20072B500 /* FlickrFetcher.m in Sources */,
			);
			runOnlyForDeploymentPostprocessing = 0;
		};
/* End PBXSourcesBuildPhase section */

/* Begin PBXVariantGroup section */
		0BF6DD4116A0846A0072B500 /* InfoPlist.strings */ = {
			isa = PBXVariantGroup;
			children = (
				0BF6DD4216A0846A0072B500 /* en */,
			);
			name = InfoPlist.strings;
			sourceTree = "<group>";
		};
		0BF6DD5016A0846A0072B500 /* MainStoryboard.storyboard */ = {
			isa = PBXVariantGroup;
			children = (
				0BF6DD5116A0846A0072B500 /* en */,
			);
			name = MainStoryboard.storyboard;
			sourceTree = "<group>";
		};
/* End PBXVariantGroup section */

/* Begin XCBuildConfiguration section */
		0BF6DD5616A0846A0072B500 /* Debug */ = {
			isa = XCBuildConfiguration;
			buildSettings = {
				ALWAYS_SEARCH_USER_PATHS = NO;
				CLANG_CXX_LANGUAGE_STANDARD = "gnu++0x";
				CLANG_CXX_LIBRARY = "libc++";
				CLANG_ENABLE_OBJC_ARC = YES;
				CLANG_WARN_EMPTY_BODY = YES;
				CLANG_WARN__DUPLICATE_METHOD_MATCH = YES;
				"CODE_SIGN_IDENTITY[sdk=iphoneos*]" = "iPhone Developer";
				COPY_PHASE_STRIP = NO;
				GCC_C_LANGUAGE_STANDARD = gnu99;
				GCC_DYNAMIC_NO_PIC = NO;
				GCC_OPTIMIZATION_LEVEL = 0;
				GCC_PREPROCESSOR_DEFINITIONS = (
					"DEBUG=1",
					"$(inherited)",
				);
				GCC_SYMBOLS_PRIVATE_EXTERN = NO;
				GCC_WARN_ABOUT_RETURN_TYPE = YES;
				GCC_WARN_UNINITIALIZED_AUTOS = YES;
				GCC_WARN_UNUSED_VARIABLE = YES;
				IPHONEOS_DEPLOYMENT_TARGET = 6.0;
				ONLY_ACTIVE_ARCH = YES;
				SDKROOT = iphoneos;
			};
			name = Debug;
		};
		0BF6DD5716A0846A0072B500 /* Release */ = {
			isa = XCBuildConfiguration;
			buildSettings = {
				ALWAYS_SEARCH_USER_PATHS = NO;
				CLANG_CXX_LANGUAGE_STANDARD = "gnu++0x";
				CLANG_CXX_LIBRARY = "libc++";
				CLANG_ENABLE_OBJC_ARC = YES;
				CLANG_WARN_EMPTY_BODY = YES;
				CLANG_WARN__DUPLICATE_METHOD_MATCH = YES;
				"CODE_SIGN_IDENTITY[sdk=iphoneos*]" = "iPhone Developer";
				COPY_PHASE_STRIP = YES;
				GCC_C_LANGUAGE_STANDARD = gnu99;
				GCC_WARN_ABOUT_RETURN_TYPE = YES;
				GCC_WARN_UNINITIALIZED_AUTOS = YES;
				GCC_WARN_UNUSED_VARIABLE = YES;
				IPHONEOS_DEPLOYMENT_TARGET = 6.0;
				OTHER_CFLAGS = "-DNS_BLOCK_ASSERTIONS=1";
				SDKROOT = iphoneos;
				VALIDATE_PRODUCT = YES;
			};
			name = Release;
		};
		0BF6DD5916A0846A0072B500 /* Debug */ = {
			isa = XCBuildConfiguration;
			buildSettings = {
				GCC_PRECOMPILE_PREFIX_HEADER = YES;
				GCC_PREFIX_HEADER = "PlaceFetcher/PlaceFetcher-Prefix.pch";
				INFOPLIST_FILE = "PlaceFetcher/PlaceFetcher-Info.plist";
				PRODUCT_NAME = "$(TARGET_NAME)";
				WRAPPER_EXTENSION = app;
			};
			name = Debug;
		};
		0BF6DD5A16A0846A0072B500 /* Release */ = {
			isa = XCBuildConfiguration;
			buildSettings = {
				GCC_PRECOMPILE_PREFIX_HEADER = YES;
				GCC_PREFIX_HEADER = "PlaceFetcher/PlaceFetcher-Prefix.pch";
				INFOPLIST_FILE = "PlaceFetcher/PlaceFetcher-Info.plist";
				PRODUCT_NAME = "$(TARGET_NAME)";
				WRAPPER_EXTENSION = app;
			};
			name = Release;
		};
/* End XCBuildConfiguration section */

/* Begin XCConfigurationList section */
		0BF6DD2E16A0846A0072B500 /* Build configuration list for PBXProject "PlaceFetcher" */ = {
			isa = XCConfigurationList;
			buildConfigurations = (
				0BF6DD5616A0846A0072B500 /* Debug */,
				0BF6DD5716A0846A0072B500 /* Release */,
			);
			defaultConfigurationIsVisible = 0;
			defaultConfigurationName = Release;
		};
		0BF6DD5816A0846A0072B500 /* Build configuration list for PBXNativeTarget "PlaceFetcher" */ = {
			isa = XCConfigurationList;
			buildConfigurations = (
				0BF6DD5916A0846A0072B500 /* Debug */,
				0BF6DD5A16A0846A0072B500 /* Release */,
			);
			defaultConfigurationIsVisible = 0;
		};
/* End XCConfigurationList section */
	};
	rootObject = 0BF6DD2B16A0846A0072B500 /* Project object */;
}
